name: Refresh ESLint lockfile

on:
  push:
    branches:
      - chore/migrate-eslint-10-flat-config

permissions:
  contents: write

jobs:
  refresh-lockfile:
    if: github.actor != 'github-actions[bot]'
    runs-on: ubuntu-24.04
    steps:
      - name: Checkout
        uses: actions/checkout@v7
        with:
          ref: chore/migrate-eslint-10-flat-config

      - name: Set up Node.js
        uses: actions/setup-node@v7
        with:
          node-version: 22
          cache: npm

      - name: Rebuild package-lock.json
        run: |
          rm package-lock.json
          npm install --package-lock-only --ignore-scripts

      - name: Commit lockfile
        run: |
          git config user.name "github-actions[bot]"
          git config user.email "41898282+github-actions[bot]@users.noreply.github.com"
          git add package-lock.json
          git commit -m "chore: refresh npm lockfile"
          git push
